
Microsoft Visual Studio Solution File, Format Version 12.00
# Visual Studio Version 16
VisualStudioVersion = 16.0.30907.101
MinimumVisualStudioVersion = 10.0.40219.1
Project("{9A19103F-16F7-4668-BE54-9A1E7A4F7556}") = "azurestream", "azurestream\azurestream.csproj", "{1847F802-0434-444B-BA19-EDEC0F8A26E8}"
EndProject
Project("{9A19103F-16F7-4668-BE54-9A1E7A4F7556}") = "azurestream.console", "azurestream.console\azurestream.console.csproj", "{27D100BD-C4BD-4BB1-8ECC-FD26B65910ED}"
EndProject
Project("{9A19103F-16F7-4668-BE54-9A1E7A4F7556}") = "apa.BOL", "apa.BOL\apa.BOL.csproj", "{7E06357D-1013-4D25-BA90-6FEACD41AD1C}"
EndProject
Project("{9A19103F-16F7-4668-BE54-9A1E7A4F7556}") = "apa.DAL", "apa.DAL\apa.DAL.csproj", "{E2BCE779-0017-4112-B175-62A4AF738F2F}"
EndProject
Project("{151D2E53-A2C4-4D7D-83FE-D05416EBD58E}") = "azurestream.ARM", "azurestream.ARM\azurestream.ARM.deployproj", "{D54AF4FA-A156-413C-A0DF-364EC7310553}"
EndProject
Project("{9A19103F-16F7-4668-BE54-9A1E7A4F7556}") = "azurestream.eventhubs", "azurestream.eventhubs\azurestream.eventhubs.csproj", "{863A5363-0B67-49D8-B251-72706A96FFED}"
EndProject
Project("{2150E333-8FDC-42A3-9474-1A3956D46DE8}") = "Solution Items", "Solution Items", "{686E8888-923F-450A-8449-DA612B8787BD}"
	ProjectSection(SolutionItems) = preProject
		README.md = README.md
	EndProjectSection
EndProject
Project("{FAE04EC0-301F-11D3-BF4B-00C04F79EFBC}") = "azurestream.funcapp", "azurestream.funcapp\azurestream.funcapp.csproj", "{866AB2D3-A86F-4DA0-9B76-C861EE86A3CA}"
EndProject
Global
	GlobalSection(SolutionConfigurationPlatforms) = preSolution
		Debug|Any CPU = Debug|Any CPU
		Release|Any CPU = Release|Any CPU
	EndGlobalSection
	GlobalSection(ProjectConfigurationPlatforms) = postSolution
		{1847F802-0434-444B-BA19-EDEC0F8A26E8}.Debug|Any CPU.ActiveCfg = Debug|Any CPU
		{1847F802-0434-444B-BA19-EDEC0F8A26E8}.Debug|Any CPU.Build.0 = Debug|Any CPU
		{1847F802-0434-444B-BA19-EDEC0F8A26E8}.Release|Any CPU.ActiveCfg = Release|Any CPU
		{1847F802-0434-444B-BA19-EDEC0F8A26E8}.Release|Any CPU.Build.0 = Release|Any CPU
		{27D100BD-C4BD-4BB1-8ECC-FD26B65910ED}.Debug|Any CPU.ActiveCfg = Debug|Any CPU
		{27D100BD-C4BD-4BB1-8ECC-FD26B65910ED}.Debug|Any CPU.Build.0 = Debug|Any CPU
		{27D100BD-C4BD-4BB1-8ECC-FD26B65910ED}.Release|Any CPU.ActiveCfg = Release|Any CPU
		{27D100BD-C4BD-4BB1-8ECC-FD26B65910ED}.Release|Any CPU.Build.0 = Release|Any CPU
		{7E06357D-1013-4D25-BA90-6FEACD41AD1C}.Debug|Any CPU.ActiveCfg = Debug|Any CPU
		{7E06357D-1013-4D25-BA90-6FEACD41AD1C}.Debug|Any CPU.Build.0 = Debug|Any CPU
		{7E06357D-1013-4D25-BA90-6FEACD41AD1C}.Release|Any CPU.ActiveCfg = Release|Any CPU
		{7E06357D-1013-4D25-BA90-6FEACD41AD1C}.Release|Any CPU.Build.0 = Release|Any CPU
		{E2BCE779-0017-4112-B175-62A4AF738F2F}.Debug|Any CPU.ActiveCfg = Debug|Any CPU
		{E2BCE779-0017-4112-B175-62A4AF738F2F}.Debug|Any CPU.Build.0 = Debug|Any CPU
		{E2BCE779-0017-4112-B175-62A4AF738F2F}.Release|Any CPU.ActiveCfg = Release|Any CPU
		{E2BCE779-0017-4112-B175-62A4AF738F2F}.Release|Any CPU.Build.0 = Release|Any CPU
		{D54AF4FA-A156-413C-A0DF-364EC7310553}.Debug|Any CPU.ActiveCfg = Debug|Any CPU
		{D54AF4FA-A156-413C-A0DF-364EC7310553}.Debug|Any CPU.Build.0 = Debug|Any CPU
		{D54AF4FA-A156-413C-A0DF-364EC7310553}.Release|Any CPU.ActiveCfg = Release|Any CPU
		{D54AF4FA-A156-413C-A0DF-364EC7310553}.Release|Any CPU.Build.0 = Release|Any CPU
		{863A5363-0B67-49D8-B251-72706A96FFED}.Debug|Any CPU.ActiveCfg = Debug|Any CPU
		{863A5363-0B67-49D8-B251-72706A96FFED}.Debug|Any CPU.Build.0 = Debug|Any CPU
		{863A5363-0B67-49D8-B251-72706A96FFED}.Release|Any CPU.ActiveCfg = Release|Any CPU
		{863A5363-0B67-49D8-B251-72706A96FFED}.Release|Any CPU.Build.0 = Release|Any CPU
		{866AB2D3-A86F-4DA0-9B76-C861EE86A3CA}.Debug|Any CPU.ActiveCfg = Debug|Any CPU
		{866AB2D3-A86F-4DA0-9B76-C861EE86A3CA}.Debug|Any CPU.Build.0 = Debug|Any CPU
		{866AB2D3-A86F-4DA0-9B76-C861EE86A3CA}.Release|Any CPU.ActiveCfg = Release|Any CPU
		{866AB2D3-A86F-4DA0-9B76-C861EE86A3CA}.Release|Any CPU.Build.0 = Release|Any CPU
	EndGlobalSection
	GlobalSection(SolutionProperties) = preSolution
		HideSolutionNode = FALSE
	EndGlobalSection
	GlobalSection(ExtensibilityGlobals) = postSolution
		SolutionGuid = {4950A076-CBF6-46D1-8688-79ED4D459C75}
	EndGlobalSection
EndGlobal
