
Microsoft Visual Studio Solution File, Format Version 12.00
# Visual Studio Version 17
VisualStudioVersion = 17.0.32126.317
MinimumVisualStudioVersion = 10.0.40219.1
Project("{9A19103F-16F7-4668-BE54-9A1E7A4F7556}") = "azurestream", "azurestream\azurestream.csproj", "{559C6234-F597-4A35-B098-F26B92178040}"
EndProject
Project("{9A19103F-16F7-4668-BE54-9A1E7A4F7556}") = "apa.BOL", "apa.BOL\apa.BOL.csproj", "{C3FFB6CB-93EA-4DFD-B0DA-CC4F0AAA5140}"
EndProject
Project("{9A19103F-16F7-4668-BE54-9A1E7A4F7556}") = "apa.DAL", "apa.DAL\apa.DAL.csproj", "{7B36B0A0-B36B-4C3F-AED8-2924857F5F7E}"
EndProject
Project("{9A19103F-16F7-4668-BE54-9A1E7A4F7556}") = "azurestream.console", "azurestream.console\azurestream.console.csproj", "{DF66C618-5457-46F2-9496-304528A11ACE}"
EndProject
Project("{9A19103F-16F7-4668-BE54-9A1E7A4F7556}") = "azurestream.eventhubs", "azurestream.eventhubs\azurestream.eventhubs.csproj", "{C61CB13E-835E-422F-9DD6-D81912EA5ED6}"
EndProject
Project("{9A19103F-16F7-4668-BE54-9A1E7A4F7556}") = "azurestream.blazor", "azurestream.blazor\azurestream.blazor.csproj", "{215682E9-1A22-4EBD-8E0E-2E7FAEACE953}"
EndProject
Project("{9A19103F-16F7-4668-BE54-9A1E7A4F7556}") = "azurestream.funcapp", "azurestream.funcapp\azurestream.funcapp.csproj", "{3166737D-222A-41F6-982D-20352894E1CD}"
EndProject
Project("{888888A0-9F3D-457C-B088-3A5042F75D52}") = "azurestream.python", "azurestream.python\azurestream.python.pyproj", "{6B58977A-A32D-4632-A98C-118695AE7D51}"
EndProject
Project("{F5034706-568F-408A-B7B3-4D38C6DB8A32}") = "azurestream.powershell", "azurestream.powershell\azurestream.powershell.pssproj", "{6CAFC0C6-A428-4D30-A9F9-700E829FEA51}"
EndProject
Global
	GlobalSection(SolutionConfigurationPlatforms) = preSolution
		Debug|Any CPU = Debug|Any CPU
		Release|Any CPU = Release|Any CPU
	EndGlobalSection
	GlobalSection(ProjectConfigurationPlatforms) = postSolution
		{559C6234-F597-4A35-B098-F26B92178040}.Debug|Any CPU.ActiveCfg = Debug|Any CPU
		{559C6234-F597-4A35-B098-F26B92178040}.Debug|Any CPU.Build.0 = Debug|Any CPU
		{559C6234-F597-4A35-B098-F26B92178040}.Release|Any CPU.ActiveCfg = Release|Any CPU
		{559C6234-F597-4A35-B098-F26B92178040}.Release|Any CPU.Build.0 = Release|Any CPU
		{C3FFB6CB-93EA-4DFD-B0DA-CC4F0AAA5140}.Debug|Any CPU.ActiveCfg = Debug|Any CPU
		{C3FFB6CB-93EA-4DFD-B0DA-CC4F0AAA5140}.Debug|Any CPU.Build.0 = Debug|Any CPU
		{C3FFB6CB-93EA-4DFD-B0DA-CC4F0AAA5140}.Release|Any CPU.ActiveCfg = Release|Any CPU
		{C3FFB6CB-93EA-4DFD-B0DA-CC4F0AAA5140}.Release|Any CPU.Build.0 = Release|Any CPU
		{7B36B0A0-B36B-4C3F-AED8-2924857F5F7E}.Debug|Any CPU.ActiveCfg = Debug|Any CPU
		{7B36B0A0-B36B-4C3F-AED8-2924857F5F7E}.Debug|Any CPU.Build.0 = Debug|Any CPU
		{7B36B0A0-B36B-4C3F-AED8-2924857F5F7E}.Release|Any CPU.ActiveCfg = Release|Any CPU
		{7B36B0A0-B36B-4C3F-AED8-2924857F5F7E}.Release|Any CPU.Build.0 = Release|Any CPU
		{DF66C618-5457-46F2-9496-304528A11ACE}.Debug|Any CPU.ActiveCfg = Debug|Any CPU
		{DF66C618-5457-46F2-9496-304528A11ACE}.Debug|Any CPU.Build.0 = Debug|Any CPU
		{DF66C618-5457-46F2-9496-304528A11ACE}.Release|Any CPU.ActiveCfg = Release|Any CPU
		{DF66C618-5457-46F2-9496-304528A11ACE}.Release|Any CPU.Build.0 = Release|Any CPU
		{C61CB13E-835E-422F-9DD6-D81912EA5ED6}.Debug|Any CPU.ActiveCfg = Debug|Any CPU
		{C61CB13E-835E-422F-9DD6-D81912EA5ED6}.Debug|Any CPU.Build.0 = Debug|Any CPU
		{C61CB13E-835E-422F-9DD6-D81912EA5ED6}.Release|Any CPU.ActiveCfg = Release|Any CPU
		{C61CB13E-835E-422F-9DD6-D81912EA5ED6}.Release|Any CPU.Build.0 = Release|Any CPU
		{215682E9-1A22-4EBD-8E0E-2E7FAEACE953}.Debug|Any CPU.ActiveCfg = Debug|Any CPU
		{215682E9-1A22-4EBD-8E0E-2E7FAEACE953}.Debug|Any CPU.Build.0 = Debug|Any CPU
		{215682E9-1A22-4EBD-8E0E-2E7FAEACE953}.Release|Any CPU.ActiveCfg = Release|Any CPU
		{215682E9-1A22-4EBD-8E0E-2E7FAEACE953}.Release|Any CPU.Build.0 = Release|Any CPU
		{3166737D-222A-41F6-982D-20352894E1CD}.Debug|Any CPU.ActiveCfg = Debug|Any CPU
		{3166737D-222A-41F6-982D-20352894E1CD}.Debug|Any CPU.Build.0 = Debug|Any CPU
		{3166737D-222A-41F6-982D-20352894E1CD}.Release|Any CPU.ActiveCfg = Release|Any CPU
		{3166737D-222A-41F6-982D-20352894E1CD}.Release|Any CPU.Build.0 = Release|Any CPU
		{6B58977A-A32D-4632-A98C-118695AE7D51}.Debug|Any CPU.ActiveCfg = Debug|Any CPU
		{6B58977A-A32D-4632-A98C-118695AE7D51}.Release|Any CPU.ActiveCfg = Release|Any CPU
		{6CAFC0C6-A428-4D30-A9F9-700E829FEA51}.Debug|Any CPU.ActiveCfg = Debug|Any CPU
		{6CAFC0C6-A428-4D30-A9F9-700E829FEA51}.Debug|Any CPU.Build.0 = Debug|Any CPU
		{6CAFC0C6-A428-4D30-A9F9-700E829FEA51}.Release|Any CPU.ActiveCfg = Release|Any CPU
		{6CAFC0C6-A428-4D30-A9F9-700E829FEA51}.Release|Any CPU.Build.0 = Release|Any CPU
	EndGlobalSection
	GlobalSection(SolutionProperties) = preSolution
		HideSolutionNode = FALSE
	EndGlobalSection
	GlobalSection(ExtensibilityGlobals) = postSolution
		SolutionGuid = {F95F4F8F-7757-4C1C-9DB1-216659D8BF5F}
	EndGlobalSection
EndGlobal
